
Microsoft Visual Studio Solution File, Format Version 12.00
# Visual Studio Version 17
VisualStudioVersion = 17.11.35222.181
MinimumVisualStudioVersion = 10.0.40219.1
Project("{FAE04EC0-301F-11D3-BF4B-00C04F79EFBC}") = "INFO350-AssignmentStudentGradingSystem", "INFO350-AssignmentStudentGradingSystem.csproj", "{B36C333E-09E7-4934-B1D5-E5E3F8429330}"
EndProject
Global
	GlobalSection(SolutionConfigurationPlatforms) = preSolution
		Debug|Any CPU = Debug|Any CPU
		Release|Any CPU = Release|Any CPU
	EndGlobalSection
	GlobalSection(ProjectConfigurationPlatforms) = postSolution
		{B36C333E-09E7-4934-B1D5-E5E3F8429330}.Debug|Any CPU.ActiveCfg = Debug|Any CPU
		{B36C333E-09E7-4934-B1D5-E5E3F8429330}.Debug|Any CPU.Build.0 = Debug|Any CPU
		{B36C333E-09E7-4934-B1D5-E5E3F8429330}.Release|Any CPU.ActiveCfg = Release|Any CPU
		{B36C333E-09E7-4934-B1D5-E5E3F8429330}.Release|Any CPU.Build.0 = Release|Any CPU
	EndGlobalSection
	GlobalSection(SolutionProperties) = preSolution
		HideSolutionNode = FALSE
	EndGlobalSection
	GlobalSection(ExtensibilityGlobals) = postSolution
		SolutionGuid = {C6441F9F-B8FC-4116-8374-2ACD6E780CBE}
	EndGlobalSection
EndGlobal
